
Microsoft Visual Studio Solution File, Format Version 12.00
Project("{FAE04EC0-301F-11D3-BF4B-00C04F79EFBC}") = "MovieShopMVC", "MovieShopMVC\MovieShopMVC.csproj", "{DAAF925D-1594-4585-B0A8-9356A635F56D}"
EndProject
Global
	GlobalSection(SolutionConfigurationPlatforms) = preSolution
		Debug|Any CPU = Debug|Any CPU
		Release|Any CPU = Release|Any CPU
	EndGlobalSection
	GlobalSection(ProjectConfigurationPlatforms) = postSolution
		{DAAF925D-1594-4585-B0A8-9356A635F56D}.Debug|Any CPU.ActiveCfg = Debug|Any CPU
		{DAAF925D-1594-4585-B0A8-9356A635F56D}.Debug|Any CPU.Build.0 = Debug|Any CPU
		{DAAF925D-1594-4585-B0A8-9356A635F56D}.Release|Any CPU.ActiveCfg = Release|Any CPU
		{DAAF925D-1594-4585-B0A8-9356A635F56D}.Release|Any CPU.Build.0 = Release|Any CPU
	EndGlobalSection
EndGlobal
